
Microsoft Visual Studio Solution File, Format Version 12.00
# Visual Studio Version 17
VisualStudioVersion = 17.10.35027.167
MinimumVisualStudioVersion = 10.0.40219.1
Project("{9A19103F-16F7-4668-BE54-9A1E7A4F7556}") = "DPM225502_LeKhanhVinh_Pattern01_AbstractFactory", "DPM225502_LeKhanhVinh_Pattern01_AbstractFactory\DPM225502_LeKhanhVinh_Pattern01_AbstractFactory.csproj", "{8F16602E-D7BB-4998-BD5F-ED7A826B7A4F}"
EndProject
Project("{9A19103F-16F7-4668-BE54-9A1E7A4F7556}") = "DPM225502_LeKhanhVinh_Real01_AbstractFactory", "DPM225502_LeKhanhVinh_Real01_AbstractFactory\DPM225502_LeKhanhVinh_Real01_AbstractFactory.csproj", "{979BB405-975D-4B6A-8BE1-E5B03F90A6E8}"
EndProject
Project("{9A19103F-16F7-4668-BE54-9A1E7A4F7556}") = "DPM225502_LeKhanhVinh_MyWorld01_AbstractFactory", "DPM225502_LeKhanhVinh_MyWorld01_AbstractFactory\DPM225502_LeKhanhVinh_MyWorld01_AbstractFactory.csproj", "{712324DC-AA86-4330-9776-9EE5F998DB26}"
EndProject
Project("{2150E333-8FDC-42A3-9474-1A3956D46DE8}") = "AbstractFactory", "AbstractFactory", "{02EA681E-C7D8-13C7-8484-4AC65E1B71E8}"
EndProject
Project("{2150E333-8FDC-42A3-9474-1A3956D46DE8}") = "Builder", "Builder", "{85FD9550-9898-4DBB-8A86-87BD8A72E918}"
EndProject
Project("{9A19103F-16F7-4668-BE54-9A1E7A4F7556}") = "DPM225502_LeKhanhVinh_Pattern01_Builder", "DPM225502_LeKhanhVinh_Pattern01_Builder\DPM225502_LeKhanhVinh_Pattern01_Builder.csproj", "{624DB114-60C8-44FC-8EE6-9B9C9D364F57}"
EndProject
Project("{9A19103F-16F7-4668-BE54-9A1E7A4F7556}") = "DPM225502_LeKhanhVinh_Real01_Builder", "DPM225502_LeKhanhVinh_Real01_Builder\DPM225502_LeKhanhVinh_Real01_Builder.csproj", "{C0D0D0F2-FA03-4530-AA28-048BF0AFEC9C}"
EndProject
Project("{9A19103F-16F7-4668-BE54-9A1E7A4F7556}") = "DPM225502_LeKhanhVinh_MyWorld01_Builder", "DPM225502_LeKhanhVinh_MyWorld01_Builder\DPM225502_LeKhanhVinh_MyWorld01_Builder.csproj", "{AFD86B3D-946B-474B-9B1E-12156A8F142B}"
EndProject
Project("{2150E333-8FDC-42A3-9474-1A3956D46DE8}") = "FactoryMenthod", "FactoryMenthod", "{91F6FFB1-6EE0-4359-9A8A-548ADAF36339}"
EndProject
Project("{9A19103F-16F7-4668-BE54-9A1E7A4F7556}") = "DPM225502_LeKhanhVinh_Pattern01_FactoryMethod", "DPM225502_LeKhanhVinh_Pattern01_FactoryMethod\DPM225502_LeKhanhVinh_Pattern01_FactoryMethod.csproj", "{0284DA8E-FED8-421C-B085-D2E0A8308A81}"
EndProject
Project("{9A19103F-16F7-4668-BE54-9A1E7A4F7556}") = "DPM225502_LeKhanhVinh_Real01_FactoryMethod", "DPM225502_LeKhanhVinh_Real01_FactoryMethod\DPM225502_LeKhanhVinh_Real01_FactoryMethod.csproj", "{29466DFB-BD66-49DE-A443-CD76C0B9ECD6}"
EndProject
Project("{9A19103F-16F7-4668-BE54-9A1E7A4F7556}") = "DPM225502_LeKhanhVinh_MyWorld01_FactoryMethod", "DPM225502_LeKhanhVinh_MyWorld01_FactoryMethod\DPM225502_LeKhanhVinh_MyWorld01_FactoryMethod.csproj", "{CCDF3483-C9D8-460B-981A-557052704F84}"
EndProject
Project("{2150E333-8FDC-42A3-9474-1A3956D46DE8}") = "Prototype", "Prototype", "{F73150D0-75AD-43DD-AF46-F3FDBE0D4936}"
EndProject
Project("{9A19103F-16F7-4668-BE54-9A1E7A4F7556}") = "DPM225502_LeKhanhVinh_Pattern01_Prototype", "DPM225502_LeKhanhVinh_Pattern01_Prototype\DPM225502_LeKhanhVinh_Pattern01_Prototype.csproj", "{1D8CDB0D-AEF0-4220-9ACD-584B72A73E4D}"
EndProject
Project("{9A19103F-16F7-4668-BE54-9A1E7A4F7556}") = "DPM225502_LeKhanhVinh_Real01_Prototype", "DPM225502_LeKhanhVinh_Real01_Prototype\DPM225502_LeKhanhVinh_Real01_Prototype.csproj", "{102B096C-C014-4C0B-96EE-91718EDA8C0B}"
EndProject
Project("{9A19103F-16F7-4668-BE54-9A1E7A4F7556}") = "DPM225502_LeKhanhVinh_MyDream01_Prototype", "DPM225502_LeKhanhVinh_MyDream01_Prototype\DPM225502_LeKhanhVinh_MyDream01_Prototype.csproj", "{3983B670-D6F0-4F00-91EA-7D2DC67EE31B}"
EndProject
Project("{2150E333-8FDC-42A3-9474-1A3956D46DE8}") = "Singleton", "Singleton", "{48B095BC-5D34-4341-A8F6-0D78BA47AAD0}"
EndProject
Project("{9A19103F-16F7-4668-BE54-9A1E7A4F7556}") = "DPM225502_LeKhanhVinh_Pattern01_Singleton", "DPM225502_LeKhanhVinh_Pattern01_Singleton\DPM225502_LeKhanhVinh_Pattern01_Singleton.csproj", "{1DB18390-5DBC-4E56-941B-8955E4664FAD}"
EndProject
Project("{9A19103F-16F7-4668-BE54-9A1E7A4F7556}") = "DPM225502_LeKhanhVinh_Real01_Singleton", "DPM225502_LeKhanhVinh_Real01_Singleton\DPM225502_LeKhanhVinh_Real01_Singleton.csproj", "{B6532C04-9C6E-4E70-8888-EBE45C4ABCDF}"
EndProject
Project("{9A19103F-16F7-4668-BE54-9A1E7A4F7556}") = "DPM225502_LeKhanhVinh_MyDream01_Singleton", "DPM225502_LeKhanhVinh_MyDream01_Singleton\DPM225502_LeKhanhVinh_MyDream01_Singleton.csproj", "{8E686973-0502-45B0-9969-7E3BE8A32F45}"
EndProject
Project("{2150E333-8FDC-42A3-9474-1A3956D46DE8}") = "Adapter", "Adapter", "{9084C457-798B-4ACD-942D-698E147CC694}"
EndProject
Project("{2150E333-8FDC-42A3-9474-1A3956D46DE8}") = "Bridge", "Bridge", "{9FA0E579-192E-49DD-AC13-E6C86318E5FF}"
EndProject
Project("{9A19103F-16F7-4668-BE54-9A1E7A4F7556}") = "DPM225502_LeKhanhVinh_Pattern01_Bridge", "DPM225502_LeKhanhVinh_Pattern01_Bridge\DPM225502_LeKhanhVinh_Pattern01_Bridge.csproj", "{627B6E88-C498-4517-9B4D-1C62B908EB30}"
EndProject
Project("{9A19103F-16F7-4668-BE54-9A1E7A4F7556}") = "DPM225502_LeKhanhVinh_Real01_Bridge", "DPM225502_LeKhanhVinh_Real01_Bridge\DPM225502_LeKhanhVinh_Real01_Bridge.csproj", "{D0E7703A-0139-4A54-98AC-4C81F5575D5D}"
EndProject
Project("{9A19103F-16F7-4668-BE54-9A1E7A4F7556}") = "DPM225502_LeKhanhVinh_DreamWorld01_Bridge", "DPM225502_LeKhanhVinh_DreamWorld01_Bridge\DPM225502_LeKhanhVinh_DreamWorld01_Bridge.csproj", "{64357BB2-CA08-4307-B7CE-7B618E69A26D}"
EndProject
Project("{2150E333-8FDC-42A3-9474-1A3956D46DE8}") = "Composite", "Composite", "{D91B19B8-6F2F-404D-A80F-0F5B8A92C5BA}"
EndProject
Project("{9A19103F-16F7-4668-BE54-9A1E7A4F7556}") = "DPM225502_LeKhanhVinh_MyWorld01_Composite", "DPM225502_LeKhanhVinh_MyWorld01_Composite\DPM225502_LeKhanhVinh_MyWorld01_Composite.csproj", "{ADAD7896-1FAE-4E8A-943D-88F88FA23A25}"
EndProject
Project("{9A19103F-16F7-4668-BE54-9A1E7A4F7556}") = "DPM225502_LeKhanhVinh_Pattern01_Composite", "DPM225502_LeKhanhVinh_Pattern01_Composite\DPM225502_LeKhanhVinh_Pattern01_Composite.csproj", "{8F1A62CC-8D29-4D50-9B1B-3619F2DE178D}"
EndProject
Project("{FAE04EC0-301F-11D3-BF4B-00C04F79EFBC}") = "DPM225502_LeKhanhVinh_Real01_Composite", "DPM225502_LeKhanhVinh_Real01_Composite\DPM225502_LeKhanhVinh_Real01_Composite.csproj", "{A0685526-B641-43E4-9D19-85997C8F6140}"
EndProject
Project("{2150E333-8FDC-42A3-9474-1A3956D46DE8}") = "Decorator", "Decorator", "{14817634-5F03-4846-B85B-8C9F33BFCF79}"
EndProject
Project("{FAE04EC0-301F-11D3-BF4B-00C04F79EFBC}") = "DPM225502_LeKhanhVinh_Pattern01_Decorator", "DPM225502_LeKhanhVinh_Pattern01_Decorator\DPM225502_LeKhanhVinh_Pattern01_Decorator.csproj", "{F60A9D12-BA93-45E1-A26B-5FABFBCCEF68}"
EndProject
Project("{FAE04EC0-301F-11D3-BF4B-00C04F79EFBC}") = "DPM225502_LeKhanhVinh_Real01_Decorator", "DPM225502_LeKhanhVinh_Real01_Decorator\DPM225502_LeKhanhVinh_Real01_Decorator.csproj", "{5DE420DC-88D9-47C9-8338-111173554B12}"
EndProject
Project("{FAE04EC0-301F-11D3-BF4B-00C04F79EFBC}") = "DPM225502_LeKhanhVinh_DreamWorld01_Decorator", "DPM225502_LeKhanhVinh_DreamWorld01_Decorator\DPM225502_LeKhanhVinh_DreamWorld01_Decorator.csproj", "{6356E742-9F8F-435C-868C-CAE39648883D}"
EndProject
Project("{2150E333-8FDC-42A3-9474-1A3956D46DE8}") = "Adapter", "Adapter", "{23EE8525-DA52-4C76-9E15-F579028BAAFA}"
EndProject
Project("{FAE04EC0-301F-11D3-BF4B-00C04F79EFBC}") = "DPM225502_LeKhanhVinh_DreamWorld01_Adapter", "DPM225502_LeKhanhVinh_DreamWorld01_Adapter\DPM225502_LeKhanhVinh_DreamWorld01_Adapter.csproj", "{DDA5D173-3EED-0232-61CE-6EE0ACD3326C}"
EndProject
Project("{FAE04EC0-301F-11D3-BF4B-00C04F79EFBC}") = "DPM225502_LeKhanhVinh_Pattern01_Adapter", "DPM225502_LeKhanhVinh_Pattern01_Adapter\DPM225502_LeKhanhVinh_Pattern01_Adapter.csproj", "{472D090C-8AC9-9C05-A932-8BA12D414ECA}"
EndProject
Project("{FAE04EC0-301F-11D3-BF4B-00C04F79EFBC}") = "DPM225502_LeKhanhVinh_Real01_Adapter", "DPM225502_LeKhanhVinh_Real01_Adapter\DPM225502_LeKhanhVinh_Real01_Adapter.csproj", "{E80024FF-3166-E1F7-E673-F84E0B8AE46E}"
EndProject
Project("{2150E333-8FDC-42A3-9474-1A3956D46DE8}") = "Facade", "Facade", "{FFD66482-6FA8-4E89-BD13-DE6C75697D06}"
EndProject
Project("{FAE04EC0-301F-11D3-BF4B-00C04F79EFBC}") = "DPM225502_LeKhanhVinh_Pattern01_Facade", "DPM225502_LeKhanhVinh_Pattern01_Facade\DPM225502_LeKhanhVinh_Pattern01_Facade.csproj", "{66E081E1-DB3E-45E3-8510-8A91848FC977}"
EndProject
Project("{FAE04EC0-301F-11D3-BF4B-00C04F79EFBC}") = "DPM225502_LeKhanhVinh_Real01_Facade", "DPM225502_LeKhanhVinh_Real01_Facade\DPM225502_LeKhanhVinh_Real01_Facade.csproj", "{8C7A78EF-DF90-4F39-867A-73930AE83693}"
EndProject
Project("{FAE04EC0-301F-11D3-BF4B-00C04F79EFBC}") = "DPM225502_LeKhanhVinh_MyDream01_Facade", "DPM225502_LeKhanhVinh_MyDream01_Facade\DPM225502_LeKhanhVinh_MyDream01_Facade.csproj", "{A25D67CD-43B3-4823-9DE6-9396F18B087E}"
EndProject
Global
	GlobalSection(SolutionConfigurationPlatforms) = preSolution
		Debug|Any CPU = Debug|Any CPU
		Release|Any CPU = Release|Any CPU
	EndGlobalSection
	GlobalSection(ProjectConfigurationPlatforms) = postSolution
		{8F16602E-D7BB-4998-BD5F-ED7A826B7A4F}.Debug|Any CPU.ActiveCfg = Debug|Any CPU
		{8F16602E-D7BB-4998-BD5F-ED7A826B7A4F}.Debug|Any CPU.Build.0 = Debug|Any CPU
		{8F16602E-D7BB-4998-BD5F-ED7A826B7A4F}.Release|Any CPU.ActiveCfg = Release|Any CPU
		{8F16602E-D7BB-4998-BD5F-ED7A826B7A4F}.Release|Any CPU.Build.0 = Release|Any CPU
		{979BB405-975D-4B6A-8BE1-E5B03F90A6E8}.Debug|Any CPU.ActiveCfg = Debug|Any CPU
		{979BB405-975D-4B6A-8BE1-E5B03F90A6E8}.Debug|Any CPU.Build.0 = Debug|Any CPU
		{979BB405-975D-4B6A-8BE1-E5B03F90A6E8}.Release|Any CPU.ActiveCfg = Release|Any CPU
		{979BB405-975D-4B6A-8BE1-E5B03F90A6E8}.Release|Any CPU.Build.0 = Release|Any CPU
		{712324DC-AA86-4330-9776-9EE5F998DB26}.Debug|Any CPU.ActiveCfg = Debug|Any CPU
		{712324DC-AA86-4330-9776-9EE5F998DB26}.Debug|Any CPU.Build.0 = Debug|Any CPU
		{712324DC-AA86-4330-9776-9EE5F998DB26}.Release|Any CPU.ActiveCfg = Release|Any CPU
		{712324DC-AA86-4330-9776-9EE5F998DB26}.Release|Any CPU.Build.0 = Release|Any CPU
		{624DB114-60C8-44FC-8EE6-9B9C9D364F57}.Debug|Any CPU.ActiveCfg = Debug|Any CPU
		{624DB114-60C8-44FC-8EE6-9B9C9D364F57}.Debug|Any CPU.Build.0 = Debug|Any CPU
		{624DB114-60C8-44FC-8EE6-9B9C9D364F57}.Release|Any CPU.ActiveCfg = Release|Any CPU
		{624DB114-60C8-44FC-8EE6-9B9C9D364F57}.Release|Any CPU.Build.0 = Release|Any CPU
		{C0D0D0F2-FA03-4530-AA28-048BF0AFEC9C}.Debug|Any CPU.ActiveCfg = Debug|Any CPU
		{C0D0D0F2-FA03-4530-AA28-048BF0AFEC9C}.Debug|Any CPU.Build.0 = Debug|Any CPU
		{C0D0D0F2-FA03-4530-AA28-048BF0AFEC9C}.Release|Any CPU.ActiveCfg = Release|Any CPU
		{C0D0D0F2-FA03-4530-AA28-048BF0AFEC9C}.Release|Any CPU.Build.0 = Release|Any CPU
		{AFD86B3D-946B-474B-9B1E-12156A8F142B}.Debug|Any CPU.ActiveCfg = Debug|Any CPU
		{AFD86B3D-946B-474B-9B1E-12156A8F142B}.Debug|Any CPU.Build.0 = Debug|Any CPU
		{AFD86B3D-946B-474B-9B1E-12156A8F142B}.Release|Any CPU.ActiveCfg = Release|Any CPU
		{AFD86B3D-946B-474B-9B1E-12156A8F142B}.Release|Any CPU.Build.0 = Release|Any CPU
		{0284DA8E-FED8-421C-B085-D2E0A8308A81}.Debug|Any CPU.ActiveCfg = Debug|Any CPU
		{0284DA8E-FED8-421C-B085-D2E0A8308A81}.Debug|Any CPU.Build.0 = Debug|Any CPU
		{0284DA8E-FED8-421C-B085-D2E0A8308A81}.Release|Any CPU.ActiveCfg = Release|Any CPU
		{0284DA8E-FED8-421C-B085-D2E0A8308A81}.Release|Any CPU.Build.0 = Release|Any CPU
		{29466DFB-BD66-49DE-A443-CD76C0B9ECD6}.Debug|Any CPU.ActiveCfg = Debug|Any CPU
		{29466DFB-BD66-49DE-A443-CD76C0B9ECD6}.Debug|Any CPU.Build.0 = Debug|Any CPU
		{29466DFB-BD66-49DE-A443-CD76C0B9ECD6}.Release|Any CPU.ActiveCfg = Release|Any CPU
		{29466DFB-BD66-49DE-A443-CD76C0B9ECD6}.Release|Any CPU.Build.0 = Release|Any CPU
		{CCDF3483-C9D8-460B-981A-557052704F84}.Debug|Any CPU.ActiveCfg = Debug|Any CPU
		{CCDF3483-C9D8-460B-981A-557052704F84}.Debug|Any CPU.Build.0 = Debug|Any CPU
		{CCDF3483-C9D8-460B-981A-557052704F84}.Release|Any CPU.ActiveCfg = Release|Any CPU
		{CCDF3483-C9D8-460B-981A-557052704F84}.Release|Any CPU.Build.0 = Release|Any CPU
		{1D8CDB0D-AEF0-4220-9ACD-584B72A73E4D}.Debug|Any CPU.ActiveCfg = Debug|Any CPU
		{1D8CDB0D-AEF0-4220-9ACD-584B72A73E4D}.Debug|Any CPU.Build.0 = Debug|Any CPU
		{1D8CDB0D-AEF0-4220-9ACD-584B72A73E4D}.Release|Any CPU.ActiveCfg = Release|Any CPU
		{1D8CDB0D-AEF0-4220-9ACD-584B72A73E4D}.Release|Any CPU.Build.0 = Release|Any CPU
		{102B096C-C014-4C0B-96EE-91718EDA8C0B}.Debug|Any CPU.ActiveCfg = Debug|Any CPU
		{102B096C-C014-4C0B-96EE-91718EDA8C0B}.Debug|Any CPU.Build.0 = Debug|Any CPU
		{102B096C-C014-4C0B-96EE-91718EDA8C0B}.Release|Any CPU.ActiveCfg = Release|Any CPU
		{102B096C-C014-4C0B-96EE-91718EDA8C0B}.Release|Any CPU.Build.0 = Release|Any CPU
		{3983B670-D6F0-4F00-91EA-7D2DC67EE31B}.Debug|Any CPU.ActiveCfg = Debug|Any CPU
		{3983B670-D6F0-4F00-91EA-7D2DC67EE31B}.Debug|Any CPU.Build.0 = Debug|Any CPU
		{3983B670-D6F0-4F00-91EA-7D2DC67EE31B}.Release|Any CPU.ActiveCfg = Release|Any CPU
		{3983B670-D6F0-4F00-91EA-7D2DC67EE31B}.Release|Any CPU.Build.0 = Release|Any CPU
		{1DB18390-5DBC-4E56-941B-8955E4664FAD}.Debug|Any CPU.ActiveCfg = Debug|Any CPU
		{1DB18390-5DBC-4E56-941B-8955E4664FAD}.Debug|Any CPU.Build.0 = Debug|Any CPU
		{1DB18390-5DBC-4E56-941B-8955E4664FAD}.Release|Any CPU.ActiveCfg = Release|Any CPU
		{1DB18390-5DBC-4E56-941B-8955E4664FAD}.Release|Any CPU.Build.0 = Release|Any CPU
		{B6532C04-9C6E-4E70-8888-EBE45C4ABCDF}.Debug|Any CPU.ActiveCfg = Debug|Any CPU
		{B6532C04-9C6E-4E70-8888-EBE45C4ABCDF}.Debug|Any CPU.Build.0 = Debug|Any CPU
		{B6532C04-9C6E-4E70-8888-EBE45C4ABCDF}.Release|Any CPU.ActiveCfg = Release|Any CPU
		{B6532C04-9C6E-4E70-8888-EBE45C4ABCDF}.Release|Any CPU.Build.0 = Release|Any CPU
		{8E686973-0502-45B0-9969-7E3BE8A32F45}.Debug|Any CPU.ActiveCfg = Debug|Any CPU
		{8E686973-0502-45B0-9969-7E3BE8A32F45}.Debug|Any CPU.Build.0 = Debug|Any CPU
		{8E686973-0502-45B0-9969-7E3BE8A32F45}.Release|Any CPU.ActiveCfg = Release|Any CPU
		{8E686973-0502-45B0-9969-7E3BE8A32F45}.Release|Any CPU.Build.0 = Release|Any CPU
		{627B6E88-C498-4517-9B4D-1C62B908EB30}.Debug|Any CPU.ActiveCfg = Debug|Any CPU
		{627B6E88-C498-4517-9B4D-1C62B908EB30}.Debug|Any CPU.Build.0 = Debug|Any CPU
		{627B6E88-C498-4517-9B4D-1C62B908EB30}.Release|Any CPU.ActiveCfg = Release|Any CPU
		{627B6E88-C498-4517-9B4D-1C62B908EB30}.Release|Any CPU.Build.0 = Release|Any CPU
		{D0E7703A-0139-4A54-98AC-4C81F5575D5D}.Debug|Any CPU.ActiveCfg = Debug|Any CPU
		{D0E7703A-0139-4A54-98AC-4C81F5575D5D}.Debug|Any CPU.Build.0 = Debug|Any CPU
		{D0E7703A-0139-4A54-98AC-4C81F5575D5D}.Release|Any CPU.ActiveCfg = Release|Any CPU
		{D0E7703A-0139-4A54-98AC-4C81F5575D5D}.Release|Any CPU.Build.0 = Release|Any CPU
		{64357BB2-CA08-4307-B7CE-7B618E69A26D}.Debug|Any CPU.ActiveCfg = Debug|Any CPU
		{64357BB2-CA08-4307-B7CE-7B618E69A26D}.Debug|Any CPU.Build.0 = Debug|Any CPU
		{64357BB2-CA08-4307-B7CE-7B618E69A26D}.Release|Any CPU.ActiveCfg = Release|Any CPU
		{64357BB2-CA08-4307-B7CE-7B618E69A26D}.Release|Any CPU.Build.0 = Release|Any CPU
		{ADAD7896-1FAE-4E8A-943D-88F88FA23A25}.Debug|Any CPU.ActiveCfg = Debug|Any CPU
		{ADAD7896-1FAE-4E8A-943D-88F88FA23A25}.Debug|Any CPU.Build.0 = Debug|Any CPU
		{ADAD7896-1FAE-4E8A-943D-88F88FA23A25}.Release|Any CPU.ActiveCfg = Release|Any CPU
		{ADAD7896-1FAE-4E8A-943D-88F88FA23A25}.Release|Any CPU.Build.0 = Release|Any CPU
		{8F1A62CC-8D29-4D50-9B1B-3619F2DE178D}.Debug|Any CPU.ActiveCfg = Debug|Any CPU
		{8F1A62CC-8D29-4D50-9B1B-3619F2DE178D}.Debug|Any CPU.Build.0 = Debug|Any CPU
		{8F1A62CC-8D29-4D50-9B1B-3619F2DE178D}.Release|Any CPU.ActiveCfg = Release|Any CPU
		{8F1A62CC-8D29-4D50-9B1B-3619F2DE178D}.Release|Any CPU.Build.0 = Release|Any CPU
		{A0685526-B641-43E4-9D19-85997C8F6140}.Debug|Any CPU.ActiveCfg = Debug|Any CPU
		{A0685526-B641-43E4-9D19-85997C8F6140}.Debug|Any CPU.Build.0 = Debug|Any CPU
		{A0685526-B641-43E4-9D19-85997C8F6140}.Release|Any CPU.ActiveCfg = Release|Any CPU
		{A0685526-B641-43E4-9D19-85997C8F6140}.Release|Any CPU.Build.0 = Release|Any CPU
		{F60A9D12-BA93-45E1-A26B-5FABFBCCEF68}.Debug|Any CPU.ActiveCfg = Debug|Any CPU
		{F60A9D12-BA93-45E1-A26B-5FABFBCCEF68}.Debug|Any CPU.Build.0 = Debug|Any CPU
		{F60A9D12-BA93-45E1-A26B-5FABFBCCEF68}.Release|Any CPU.ActiveCfg = Release|Any CPU
		{F60A9D12-BA93-45E1-A26B-5FABFBCCEF68}.Release|Any CPU.Build.0 = Release|Any CPU
		{5DE420DC-88D9-47C9-8338-111173554B12}.Debug|Any CPU.ActiveCfg = Debug|Any CPU
		{5DE420DC-88D9-47C9-8338-111173554B12}.Debug|Any CPU.Build.0 = Debug|Any CPU
		{5DE420DC-88D9-47C9-8338-111173554B12}.Release|Any CPU.ActiveCfg = Release|Any CPU
		{5DE420DC-88D9-47C9-8338-111173554B12}.Release|Any CPU.Build.0 = Release|Any CPU
		{6356E742-9F8F-435C-868C-CAE39648883D}.Debug|Any CPU.ActiveCfg = Debug|Any CPU
		{6356E742-9F8F-435C-868C-CAE39648883D}.Debug|Any CPU.Build.0 = Debug|Any CPU
		{6356E742-9F8F-435C-868C-CAE39648883D}.Release|Any CPU.ActiveCfg = Release|Any CPU
		{6356E742-9F8F-435C-868C-CAE39648883D}.Release|Any CPU.Build.0 = Release|Any CPU
		{DDA5D173-3EED-0232-61CE-6EE0ACD3326C}.Debug|Any CPU.ActiveCfg = Debug|Any CPU
		{DDA5D173-3EED-0232-61CE-6EE0ACD3326C}.Debug|Any CPU.Build.0 = Debug|Any CPU
		{DDA5D173-3EED-0232-61CE-6EE0ACD3326C}.Release|Any CPU.ActiveCfg = Release|Any CPU
		{DDA5D173-3EED-0232-61CE-6EE0ACD3326C}.Release|Any CPU.Build.0 = Release|Any CPU
		{472D090C-8AC9-9C05-A932-8BA12D414ECA}.Debug|Any CPU.ActiveCfg = Debug|Any CPU
		{472D090C-8AC9-9C05-A932-8BA12D414ECA}.Debug|Any CPU.Build.0 = Debug|Any CPU
		{472D090C-8AC9-9C05-A932-8BA12D414ECA}.Release|Any CPU.ActiveCfg = Release|Any CPU
		{472D090C-8AC9-9C05-A932-8BA12D414ECA}.Release|Any CPU.Build.0 = Release|Any CPU
		{E80024FF-3166-E1F7-E673-F84E0B8AE46E}.Debug|Any CPU.ActiveCfg = Debug|Any CPU
		{E80024FF-3166-E1F7-E673-F84E0B8AE46E}.Debug|Any CPU.Build.0 = Debug|Any CPU
		{E80024FF-3166-E1F7-E673-F84E0B8AE46E}.Release|Any CPU.ActiveCfg = Release|Any CPU
		{E80024FF-3166-E1F7-E673-F84E0B8AE46E}.Release|Any CPU.Build.0 = Release|Any CPU
		{66E081E1-DB3E-45E3-8510-8A91848FC977}.Debug|Any CPU.ActiveCfg = Debug|Any CPU
		{66E081E1-DB3E-45E3-8510-8A91848FC977}.Debug|Any CPU.Build.0 = Debug|Any CPU
		{66E081E1-DB3E-45E3-8510-8A91848FC977}.Release|Any CPU.ActiveCfg = Release|Any CPU
		{66E081E1-DB3E-45E3-8510-8A91848FC977}.Release|Any CPU.Build.0 = Release|Any CPU
		{8C7A78EF-DF90-4F39-867A-73930AE83693}.Debug|Any CPU.ActiveCfg = Debug|Any CPU
		{8C7A78EF-DF90-4F39-867A-73930AE83693}.Debug|Any CPU.Build.0 = Debug|Any CPU
		{8C7A78EF-DF90-4F39-867A-73930AE83693}.Release|Any CPU.ActiveCfg = Release|Any CPU
		{8C7A78EF-DF90-4F39-867A-73930AE83693}.Release|Any CPU.Build.0 = Release|Any CPU
		{A25D67CD-43B3-4823-9DE6-9396F18B087E}.Debug|Any CPU.ActiveCfg = Debug|Any CPU
		{A25D67CD-43B3-4823-9DE6-9396F18B087E}.Debug|Any CPU.Build.0 = Debug|Any CPU
		{A25D67CD-43B3-4823-9DE6-9396F18B087E}.Release|Any CPU.ActiveCfg = Release|Any CPU
		{A25D67CD-43B3-4823-9DE6-9396F18B087E}.Release|Any CPU.Build.0 = Release|Any CPU
	EndGlobalSection
	GlobalSection(SolutionProperties) = preSolution
		HideSolutionNode = FALSE
	EndGlobalSection
	GlobalSection(NestedProjects) = preSolution
		{8F16602E-D7BB-4998-BD5F-ED7A826B7A4F} = {02EA681E-C7D8-13C7-8484-4AC65E1B71E8}
		{979BB405-975D-4B6A-8BE1-E5B03F90A6E8} = {02EA681E-C7D8-13C7-8484-4AC65E1B71E8}
		{712324DC-AA86-4330-9776-9EE5F998DB26} = {02EA681E-C7D8-13C7-8484-4AC65E1B71E8}
		{624DB114-60C8-44FC-8EE6-9B9C9D364F57} = {85FD9550-9898-4DBB-8A86-87BD8A72E918}
		{C0D0D0F2-FA03-4530-AA28-048BF0AFEC9C} = {85FD9550-9898-4DBB-8A86-87BD8A72E918}
		{AFD86B3D-946B-474B-9B1E-12156A8F142B} = {85FD9550-9898-4DBB-8A86-87BD8A72E918}
		{0284DA8E-FED8-421C-B085-D2E0A8308A81} = {91F6FFB1-6EE0-4359-9A8A-548ADAF36339}
		{29466DFB-BD66-49DE-A443-CD76C0B9ECD6} = {91F6FFB1-6EE0-4359-9A8A-548ADAF36339}
		{CCDF3483-C9D8-460B-981A-557052704F84} = {91F6FFB1-6EE0-4359-9A8A-548ADAF36339}
		{1D8CDB0D-AEF0-4220-9ACD-584B72A73E4D} = {F73150D0-75AD-43DD-AF46-F3FDBE0D4936}
		{102B096C-C014-4C0B-96EE-91718EDA8C0B} = {F73150D0-75AD-43DD-AF46-F3FDBE0D4936}
		{3983B670-D6F0-4F00-91EA-7D2DC67EE31B} = {F73150D0-75AD-43DD-AF46-F3FDBE0D4936}
		{1DB18390-5DBC-4E56-941B-8955E4664FAD} = {48B095BC-5D34-4341-A8F6-0D78BA47AAD0}
		{B6532C04-9C6E-4E70-8888-EBE45C4ABCDF} = {48B095BC-5D34-4341-A8F6-0D78BA47AAD0}
		{8E686973-0502-45B0-9969-7E3BE8A32F45} = {48B095BC-5D34-4341-A8F6-0D78BA47AAD0}
		{9084C457-798B-4ACD-942D-698E147CC694} = {02EA681E-C7D8-13C7-8484-4AC65E1B71E8}
		{627B6E88-C498-4517-9B4D-1C62B908EB30} = {9FA0E579-192E-49DD-AC13-E6C86318E5FF}
		{D0E7703A-0139-4A54-98AC-4C81F5575D5D} = {9FA0E579-192E-49DD-AC13-E6C86318E5FF}
		{64357BB2-CA08-4307-B7CE-7B618E69A26D} = {9FA0E579-192E-49DD-AC13-E6C86318E5FF}
		{ADAD7896-1FAE-4E8A-943D-88F88FA23A25} = {D91B19B8-6F2F-404D-A80F-0F5B8A92C5BA}
		{8F1A62CC-8D29-4D50-9B1B-3619F2DE178D} = {D91B19B8-6F2F-404D-A80F-0F5B8A92C5BA}
		{A0685526-B641-43E4-9D19-85997C8F6140} = {D91B19B8-6F2F-404D-A80F-0F5B8A92C5BA}
		{F60A9D12-BA93-45E1-A26B-5FABFBCCEF68} = {14817634-5F03-4846-B85B-8C9F33BFCF79}
		{5DE420DC-88D9-47C9-8338-111173554B12} = {14817634-5F03-4846-B85B-8C9F33BFCF79}
		{6356E742-9F8F-435C-868C-CAE39648883D} = {14817634-5F03-4846-B85B-8C9F33BFCF79}
		{DDA5D173-3EED-0232-61CE-6EE0ACD3326C} = {23EE8525-DA52-4C76-9E15-F579028BAAFA}
		{472D090C-8AC9-9C05-A932-8BA12D414ECA} = {23EE8525-DA52-4C76-9E15-F579028BAAFA}
		{E80024FF-3166-E1F7-E673-F84E0B8AE46E} = {23EE8525-DA52-4C76-9E15-F579028BAAFA}
		{66E081E1-DB3E-45E3-8510-8A91848FC977} = {FFD66482-6FA8-4E89-BD13-DE6C75697D06}
		{8C7A78EF-DF90-4F39-867A-73930AE83693} = {FFD66482-6FA8-4E89-BD13-DE6C75697D06}
		{A25D67CD-43B3-4823-9DE6-9396F18B087E} = {FFD66482-6FA8-4E89-BD13-DE6C75697D06}
	EndGlobalSection
	GlobalSection(ExtensibilityGlobals) = postSolution
		SolutionGuid = {3289B973-82E3-4E47-A8EF-3F5D9A279225}
	EndGlobalSection
EndGlobal
